
Microsoft Visual Studio Solution File, Format Version 12.00
# Visual Studio 14
VisualStudioVersion = 14.0.25420.1
MinimumVisualStudioVersion = 10.0.40219.1
Project("{F2A71F9B-5D33-465A-A702-920D77279786}") = "PushStream", "PushStream\PushStream.fsproj", "{B9B8C39B-F1F7-4AEB-9DCD-D331A6532BD2}"
EndProject
Project("{F2A71F9B-5D33-465A-A702-920D77279786}") = "PushStream.Test", "PushStream.Test\PushStream.Test.fsproj", "{E6739DD0-E51B-4FD6-9585-05E1CB8D61F1}"
EndProject
Project("{2150E333-8FDC-42A3-9474-1A3956D46DE8}") = "Solution Items", "Solution Items", "{28C90D0C-1CD7-49A9-A9B0-7E2A6ED6E159}"
	ProjectSection(SolutionItems) = preProject
		..\LICENSE = ..\LICENSE
		..\README.md = ..\README.md
	EndProjectSection
EndProject
Global
	GlobalSection(SolutionConfigurationPlatforms) = preSolution
		Debug|Any CPU = Debug|Any CPU
		Debug|x64 = Debug|x64
		Debug|x86 = Debug|x86
		Release|Any CPU = Release|Any CPU
		Release|x64 = Release|x64
		Release|x86 = Release|x86
	EndGlobalSection
	GlobalSection(ProjectConfigurationPlatforms) = postSolution
		{B9B8C39B-F1F7-4AEB-9DCD-D331A6532BD2}.Debug|Any CPU.ActiveCfg = Debug|Any CPU
		{B9B8C39B-F1F7-4AEB-9DCD-D331A6532BD2}.Debug|Any CPU.Build.0 = Debug|Any CPU
		{B9B8C39B-F1F7-4AEB-9DCD-D331A6532BD2}.Debug|x64.ActiveCfg = Debug|x64
		{B9B8C39B-F1F7-4AEB-9DCD-D331A6532BD2}.Debug|x64.Build.0 = Debug|x64
		{B9B8C39B-F1F7-4AEB-9DCD-D331A6532BD2}.Debug|x86.ActiveCfg = Debug|x86
		{B9B8C39B-F1F7-4AEB-9DCD-D331A6532BD2}.Debug|x86.Build.0 = Debug|x86
		{B9B8C39B-F1F7-4AEB-9DCD-D331A6532BD2}.Release|Any CPU.ActiveCfg = Release|Any CPU
		{B9B8C39B-F1F7-4AEB-9DCD-D331A6532BD2}.Release|Any CPU.Build.0 = Release|Any CPU
		{B9B8C39B-F1F7-4AEB-9DCD-D331A6532BD2}.Release|x64.ActiveCfg = Release|x64
		{B9B8C39B-F1F7-4AEB-9DCD-D331A6532BD2}.Release|x64.Build.0 = Release|x64
		{B9B8C39B-F1F7-4AEB-9DCD-D331A6532BD2}.Release|x86.ActiveCfg = Release|x86
		{B9B8C39B-F1F7-4AEB-9DCD-D331A6532BD2}.Release|x86.Build.0 = Release|x86
		{E6739DD0-E51B-4FD6-9585-05E1CB8D61F1}.Debug|Any CPU.ActiveCfg = Debug|Any CPU
		{E6739DD0-E51B-4FD6-9585-05E1CB8D61F1}.Debug|Any CPU.Build.0 = Debug|Any CPU
		{E6739DD0-E51B-4FD6-9585-05E1CB8D61F1}.Debug|x64.ActiveCfg = Debug|x64
		{E6739DD0-E51B-4FD6-9585-05E1CB8D61F1}.Debug|x64.Build.0 = Debug|x64
		{E6739DD0-E51B-4FD6-9585-05E1CB8D61F1}.Debug|x86.ActiveCfg = Debug|x86
		{E6739DD0-E51B-4FD6-9585-05E1CB8D61F1}.Debug|x86.Build.0 = Debug|x86
		{E6739DD0-E51B-4FD6-9585-05E1CB8D61F1}.Release|Any CPU.ActiveCfg = Release|Any CPU
		{E6739DD0-E51B-4FD6-9585-05E1CB8D61F1}.Release|Any CPU.Build.0 = Release|Any CPU
		{E6739DD0-E51B-4FD6-9585-05E1CB8D61F1}.Release|x64.ActiveCfg = Release|x64
		{E6739DD0-E51B-4FD6-9585-05E1CB8D61F1}.Release|x64.Build.0 = Release|x64
		{E6739DD0-E51B-4FD6-9585-05E1CB8D61F1}.Release|x86.ActiveCfg = Release|x86
		{E6739DD0-E51B-4FD6-9585-05E1CB8D61F1}.Release|x86.Build.0 = Release|x86
	EndGlobalSection
	GlobalSection(SolutionProperties) = preSolution
		HideSolutionNode = FALSE
	EndGlobalSection
EndGlobal
